
Microsoft Visual Studio Solution File, Format Version 12.00
# Visual Studio Version 17
VisualStudioVersion = 17.0.31903.59
MinimumVisualStudioVersion = 10.0.40219.1
Project("{2150E333-8FDC-42A3-9474-1A3956D46DE8}") = "src", "src", "{827E0CD3-B72D-47B6-A68D-7590B98EB39B}"
EndProject
Project("{FAE04EC0-301F-11D3-BF4B-00C04F79EFBC}") = "HoldTheLine.Rules", "src\HoldTheLine.Rules\HoldTheLine.Rules.csproj", "{89789F38-ADBD-488A-825A-7F2A6FB8846E}"
EndProject
Project("{FAE04EC0-301F-11D3-BF4B-00C04F79EFBC}") = "HoldTheLine.Rules.Tests", "src\HoldTheLine.Rules.Tests\HoldTheLine.Rules.Tests.csproj", "{4CA13B19-61FD-44CF-9673-D4BB520D0DC1}"
EndProject
Project("{FAE04EC0-301F-11D3-BF4B-00C04F79EFBC}") = "HoldTheLine.Sim", "src\HoldTheLine.Sim\HoldTheLine.Sim.csproj", "{1E8D3BE5-35AA-4966-B0EB-D58256DF33BE}"
EndProject
Project("{FAE04EC0-301F-11D3-BF4B-00C04F79EFBC}") = "HoldtheLine.Game", "game\HoldtheLine.Game.csproj", "{AAA57F3A-13E8-439F-B79C-8B6074C16FB0}"
EndProject
Project("{FAE04EC0-301F-11D3-BF4B-00C04F79EFBC}") = "HoldTheLine.Net", "src\HoldTheLine.Net\HoldTheLine.Net.csproj", "{32BFBEF3-A181-49C1-A79A-4B6AC1794ECC}"
EndProject
Project("{FAE04EC0-301F-11D3-BF4B-00C04F79EFBC}") = "HoldTheLine.Server", "src\HoldTheLine.Server\HoldTheLine.Server.csproj", "{0890424D-1A0A-4B19-AF17-884911AE5E01}"
EndProject
Project("{FAE04EC0-301F-11D3-BF4B-00C04F79EFBC}") = "HoldTheLine.BotClient", "src\HoldTheLine.BotClient\HoldTheLine.BotClient.csproj", "{D1D6176B-3C1C-4BFF-802D-2995F9304568}"
EndProject
Project("{FAE04EC0-301F-11D3-BF4B-00C04F79EFBC}") = "HoldTheLine.Server.Tests", "src\HoldTheLine.Server.Tests\HoldTheLine.Server.Tests.csproj", "{92523AAA-2890-49FE-9540-82BE14BFD91D}"
EndProject
Global
	GlobalSection(SolutionConfigurationPlatforms) = preSolution
		Debug|Any CPU = Debug|Any CPU
		Debug|x64 = Debug|x64
		Debug|x86 = Debug|x86
		Release|Any CPU = Release|Any CPU
		Release|x64 = Release|x64
		Release|x86 = Release|x86
	EndGlobalSection
	GlobalSection(ProjectConfigurationPlatforms) = postSolution
		{89789F38-ADBD-488A-825A-7F2A6FB8846E}.Debug|Any CPU.ActiveCfg = Debug|Any CPU
		{89789F38-ADBD-488A-825A-7F2A6FB8846E}.Debug|Any CPU.Build.0 = Debug|Any CPU
		{89789F38-ADBD-488A-825A-7F2A6FB8846E}.Debug|x64.ActiveCfg = Debug|Any CPU
		{89789F38-ADBD-488A-825A-7F2A6FB8846E}.Debug|x64.Build.0 = Debug|Any CPU
		{89789F38-ADBD-488A-825A-7F2A6FB8846E}.Debug|x86.ActiveCfg = Debug|Any CPU
		{89789F38-ADBD-488A-825A-7F2A6FB8846E}.Debug|x86.Build.0 = Debug|Any CPU
		{89789F38-ADBD-488A-825A-7F2A6FB8846E}.Release|Any CPU.ActiveCfg = Release|Any CPU
		{89789F38-ADBD-488A-825A-7F2A6FB8846E}.Release|Any CPU.Build.0 = Release|Any CPU
		{89789F38-ADBD-488A-825A-7F2A6FB8846E}.Release|x64.ActiveCfg = Release|Any CPU
		{89789F38-ADBD-488A-825A-7F2A6FB8846E}.Release|x64.Build.0 = Release|Any CPU
		{89789F38-ADBD-488A-825A-7F2A6FB8846E}.Release|x86.ActiveCfg = Release|Any CPU
		{89789F38-ADBD-488A-825A-7F2A6FB8846E}.Release|x86.Build.0 = Release|Any CPU
		{4CA13B19-61FD-44CF-9673-D4BB520D0DC1}.Debug|Any CPU.ActiveCfg = Debug|Any CPU
		{4CA13B19-61FD-44CF-9673-D4BB520D0DC1}.Debug|Any CPU.Build.0 = Debug|Any CPU
		{4CA13B19-61FD-44CF-9673-D4BB520D0DC1}.Debug|x64.ActiveCfg = Debug|Any CPU
		{4CA13B19-61FD-44CF-9673-D4BB520D0DC1}.Debug|x64.Build.0 = Debug|Any CPU
		{4CA13B19-61FD-44CF-9673-D4BB520D0DC1}.Debug|x86.ActiveCfg = Debug|Any CPU
		{4CA13B19-61FD-44CF-9673-D4BB520D0DC1}.Debug|x86.Build.0 = Debug|Any CPU
		{4CA13B19-61FD-44CF-9673-D4BB520D0DC1}.Release|Any CPU.ActiveCfg = Release|Any CPU
		{4CA13B19-61FD-44CF-9673-D4BB520D0DC1}.Release|Any CPU.Build.0 = Release|Any CPU
		{4CA13B19-61FD-44CF-9673-D4BB520D0DC1}.Release|x64.ActiveCfg = Release|Any CPU
		{4CA13B19-61FD-44CF-9673-D4BB520D0DC1}.Release|x64.Build.0 = Release|Any CPU
		{4CA13B19-61FD-44CF-9673-D4BB520D0DC1}.Release|x86.ActiveCfg = Release|Any CPU
		{4CA13B19-61FD-44CF-9673-D4BB520D0DC1}.Release|x86.Build.0 = Release|Any CPU
		{1E8D3BE5-35AA-4966-B0EB-D58256DF33BE}.Debug|Any CPU.ActiveCfg = Debug|Any CPU
		{1E8D3BE5-35AA-4966-B0EB-D58256DF33BE}.Debug|Any CPU.Build.0 = Debug|Any CPU
		{1E8D3BE5-35AA-4966-B0EB-D58256DF33BE}.Debug|x64.ActiveCfg = Debug|Any CPU
		{1E8D3BE5-35AA-4966-B0EB-D58256DF33BE}.Debug|x64.Build.0 = Debug|Any CPU
		{1E8D3BE5-35AA-4966-B0EB-D58256DF33BE}.Debug|x86.ActiveCfg = Debug|Any CPU
		{1E8D3BE5-35AA-4966-B0EB-D58256DF33BE}.Debug|x86.Build.0 = Debug|Any CPU
		{1E8D3BE5-35AA-4966-B0EB-D58256DF33BE}.Release|Any CPU.ActiveCfg = Release|Any CPU
		{1E8D3BE5-35AA-4966-B0EB-D58256DF33BE}.Release|Any CPU.Build.0 = Release|Any CPU
		{1E8D3BE5-35AA-4966-B0EB-D58256DF33BE}.Release|x64.ActiveCfg = Release|Any CPU
		{1E8D3BE5-35AA-4966-B0EB-D58256DF33BE}.Release|x64.Build.0 = Release|Any CPU
		{1E8D3BE5-35AA-4966-B0EB-D58256DF33BE}.Release|x86.ActiveCfg = Release|Any CPU
		{1E8D3BE5-35AA-4966-B0EB-D58256DF33BE}.Release|x86.Build.0 = Release|Any CPU
		{AAA57F3A-13E8-439F-B79C-8B6074C16FB0}.Debug|Any CPU.ActiveCfg = Debug|Any CPU
		{AAA57F3A-13E8-439F-B79C-8B6074C16FB0}.Debug|Any CPU.Build.0 = Debug|Any CPU
		{AAA57F3A-13E8-439F-B79C-8B6074C16FB0}.Debug|x64.ActiveCfg = Debug|Any CPU
		{AAA57F3A-13E8-439F-B79C-8B6074C16FB0}.Debug|x64.Build.0 = Debug|Any CPU
		{AAA57F3A-13E8-439F-B79C-8B6074C16FB0}.Debug|x86.ActiveCfg = Debug|Any CPU
		{AAA57F3A-13E8-439F-B79C-8B6074C16FB0}.Debug|x86.Build.0 = Debug|Any CPU
		{AAA57F3A-13E8-439F-B79C-8B6074C16FB0}.Release|Any CPU.ActiveCfg = Debug|Any CPU
		{AAA57F3A-13E8-439F-B79C-8B6074C16FB0}.Release|Any CPU.Build.0 = Debug|Any CPU
		{AAA57F3A-13E8-439F-B79C-8B6074C16FB0}.Release|x64.ActiveCfg = Debug|Any CPU
		{AAA57F3A-13E8-439F-B79C-8B6074C16FB0}.Release|x64.Build.0 = Debug|Any CPU
		{AAA57F3A-13E8-439F-B79C-8B6074C16FB0}.Release|x86.ActiveCfg = Debug|Any CPU
		{AAA57F3A-13E8-439F-B79C-8B6074C16FB0}.Release|x86.Build.0 = Debug|Any CPU
		{32BFBEF3-A181-49C1-A79A-4B6AC1794ECC}.Debug|Any CPU.ActiveCfg = Debug|Any CPU
		{32BFBEF3-A181-49C1-A79A-4B6AC1794ECC}.Debug|Any CPU.Build.0 = Debug|Any CPU
		{32BFBEF3-A181-49C1-A79A-4B6AC1794ECC}.Debug|x64.ActiveCfg = Debug|Any CPU
		{32BFBEF3-A181-49C1-A79A-4B6AC1794ECC}.Debug|x64.Build.0 = Debug|Any CPU
		{32BFBEF3-A181-49C1-A79A-4B6AC1794ECC}.Debug|x86.ActiveCfg = Debug|Any CPU
		{32BFBEF3-A181-49C1-A79A-4B6AC1794ECC}.Debug|x86.Build.0 = Debug|Any CPU
		{32BFBEF3-A181-49C1-A79A-4B6AC1794ECC}.Release|Any CPU.ActiveCfg = Release|Any CPU
		{32BFBEF3-A181-49C1-A79A-4B6AC1794ECC}.Release|Any CPU.Build.0 = Release|Any CPU
		{32BFBEF3-A181-49C1-A79A-4B6AC1794ECC}.Release|x64.ActiveCfg = Release|Any CPU
		{32BFBEF3-A181-49C1-A79A-4B6AC1794ECC}.Release|x64.Build.0 = Release|Any CPU
		{32BFBEF3-A181-49C1-A79A-4B6AC1794ECC}.Release|x86.ActiveCfg = Release|Any CPU
		{32BFBEF3-A181-49C1-A79A-4B6AC1794ECC}.Release|x86.Build.0 = Release|Any CPU
		{0890424D-1A0A-4B19-AF17-884911AE5E01}.Debug|Any CPU.ActiveCfg = Debug|Any CPU
		{0890424D-1A0A-4B19-AF17-884911AE5E01}.Debug|Any CPU.Build.0 = Debug|Any CPU
		{0890424D-1A0A-4B19-AF17-884911AE5E01}.Debug|x64.ActiveCfg = Debug|Any CPU
		{0890424D-1A0A-4B19-AF17-884911AE5E01}.Debug|x64.Build.0 = Debug|Any CPU
		{0890424D-1A0A-4B19-AF17-884911AE5E01}.Debug|x86.ActiveCfg = Debug|Any CPU
		{0890424D-1A0A-4B19-AF17-884911AE5E01}.Debug|x86.Build.0 = Debug|Any CPU
		{0890424D-1A0A-4B19-AF17-884911AE5E01}.Release|Any CPU.ActiveCfg = Release|Any CPU
		{0890424D-1A0A-4B19-AF17-884911AE5E01}.Release|Any CPU.Build.0 = Release|Any CPU
		{0890424D-1A0A-4B19-AF17-884911AE5E01}.Release|x64.ActiveCfg = Release|Any CPU
		{0890424D-1A0A-4B19-AF17-884911AE5E01}.Release|x64.Build.0 = Release|Any CPU
		{0890424D-1A0A-4B19-AF17-884911AE5E01}.Release|x86.ActiveCfg = Release|Any CPU
		{0890424D-1A0A-4B19-AF17-884911AE5E01}.Release|x86.Build.0 = Release|Any CPU
		{D1D6176B-3C1C-4BFF-802D-2995F9304568}.Debug|Any CPU.ActiveCfg = Debug|Any CPU
		{D1D6176B-3C1C-4BFF-802D-2995F9304568}.Debug|Any CPU.Build.0 = Debug|Any CPU
		{D1D6176B-3C1C-4BFF-802D-2995F9304568}.Debug|x64.ActiveCfg = Debug|Any CPU
		{D1D6176B-3C1C-4BFF-802D-2995F9304568}.Debug|x64.Build.0 = Debug|Any CPU
		{D1D6176B-3C1C-4BFF-802D-2995F9304568}.Debug|x86.ActiveCfg = Debug|Any CPU
		{D1D6176B-3C1C-4BFF-802D-2995F9304568}.Debug|x86.Build.0 = Debug|Any CPU
		{D1D6176B-3C1C-4BFF-802D-2995F9304568}.Release|Any CPU.ActiveCfg = Release|Any CPU
		{D1D6176B-3C1C-4BFF-802D-2995F9304568}.Release|Any CPU.Build.0 = Release|Any CPU
		{D1D6176B-3C1C-4BFF-802D-2995F9304568}.Release|x64.ActiveCfg = Release|Any CPU
		{D1D6176B-3C1C-4BFF-802D-2995F9304568}.Release|x64.Build.0 = Release|Any CPU
		{D1D6176B-3C1C-4BFF-802D-2995F9304568}.Release|x86.ActiveCfg = Release|Any CPU
		{D1D6176B-3C1C-4BFF-802D-2995F9304568}.Release|x86.Build.0 = Release|Any CPU
		{92523AAA-2890-49FE-9540-82BE14BFD91D}.Debug|Any CPU.ActiveCfg = Debug|Any CPU
		{92523AAA-2890-49FE-9540-82BE14BFD91D}.Debug|Any CPU.Build.0 = Debug|Any CPU
		{92523AAA-2890-49FE-9540-82BE14BFD91D}.Debug|x64.ActiveCfg = Debug|Any CPU
		{92523AAA-2890-49FE-9540-82BE14BFD91D}.Debug|x64.Build.0 = Debug|Any CPU
		{92523AAA-2890-49FE-9540-82BE14BFD91D}.Debug|x86.ActiveCfg = Debug|Any CPU
		{92523AAA-2890-49FE-9540-82BE14BFD91D}.Debug|x86.Build.0 = Debug|Any CPU
		{92523AAA-2890-49FE-9540-82BE14BFD91D}.Release|Any CPU.ActiveCfg = Release|Any CPU
		{92523AAA-2890-49FE-9540-82BE14BFD91D}.Release|Any CPU.Build.0 = Release|Any CPU
		{92523AAA-2890-49FE-9540-82BE14BFD91D}.Release|x64.ActiveCfg = Release|Any CPU
		{92523AAA-2890-49FE-9540-82BE14BFD91D}.Release|x64.Build.0 = Release|Any CPU
		{92523AAA-2890-49FE-9540-82BE14BFD91D}.Release|x86.ActiveCfg = Release|Any CPU
		{92523AAA-2890-49FE-9540-82BE14BFD91D}.Release|x86.Build.0 = Release|Any CPU
	EndGlobalSection
	GlobalSection(SolutionProperties) = preSolution
		HideSolutionNode = FALSE
	EndGlobalSection
	GlobalSection(NestedProjects) = preSolution
		{89789F38-ADBD-488A-825A-7F2A6FB8846E} = {827E0CD3-B72D-47B6-A68D-7590B98EB39B}
		{4CA13B19-61FD-44CF-9673-D4BB520D0DC1} = {827E0CD3-B72D-47B6-A68D-7590B98EB39B}
		{1E8D3BE5-35AA-4966-B0EB-D58256DF33BE} = {827E0CD3-B72D-47B6-A68D-7590B98EB39B}
		{AAA57F3A-13E8-439F-B79C-8B6074C16FB0} = {827E0CD3-B72D-47B6-A68D-7590B98EB39B}
		{32BFBEF3-A181-49C1-A79A-4B6AC1794ECC} = {827E0CD3-B72D-47B6-A68D-7590B98EB39B}
		{0890424D-1A0A-4B19-AF17-884911AE5E01} = {827E0CD3-B72D-47B6-A68D-7590B98EB39B}
		{D1D6176B-3C1C-4BFF-802D-2995F9304568} = {827E0CD3-B72D-47B6-A68D-7590B98EB39B}
		{92523AAA-2890-49FE-9540-82BE14BFD91D} = {827E0CD3-B72D-47B6-A68D-7590B98EB39B}
	EndGlobalSection
EndGlobal
