
Microsoft Visual Studio Solution File, Format Version 12.00
# Visual Studio Version 17
VisualStudioVersion = 17.0.31903.59
MinimumVisualStudioVersion = 10.0.40219.1
Project("{2150E333-8FDC-42A3-9474-1A3956D46DE8}") = "src", "src", "{827E0CD3-B72D-47B6-A68D-7590B98EB39B}"
EndProject
Project("{FAE04EC0-301F-11D3-BF4B-00C04F79EFBC}") = "HoldTheLine.Rules", "src\HoldTheLine.Rules\HoldTheLine.Rules.csproj", "{89789F38-ADBD-488A-825A-7F2A6FB8846E}"
EndProject
Project("{FAE04EC0-301F-11D3-BF4B-00C04F79EFBC}") = "HoldTheLine.Rules.Tests", "src\HoldTheLine.Rules.Tests\HoldTheLine.Rules.Tests.csproj", "{4CA13B19-61FD-44CF-9673-D4BB520D0DC1}"
EndProject
Project("{FAE04EC0-301F-11D3-BF4B-00C04F79EFBC}") = "HoldTheLine.Sim", "src\HoldTheLine.Sim\HoldTheLine.Sim.csproj", "{1E8D3BE5-35AA-4966-B0EB-D58256DF33BE}"
EndProject
Project("{FAE04EC0-301F-11D3-BF4B-00C04F79EFBC}") = "HoldtheLine.Game", "game\HoldtheLine.Game.csproj", "{AAA57F3A-13E8-439F-B79C-8B6074C16FB0}"
EndProject
Global
	GlobalSection(SolutionConfigurationPlatforms) = preSolution
		Debug|Any CPU = Debug|Any CPU
		Debug|x64 = Debug|x64
		Debug|x86 = Debug|x86
		Release|Any CPU = Release|Any CPU
		Release|x64 = Release|x64
		Release|x86 = Release|x86
	EndGlobalSection
	GlobalSection(ProjectConfigurationPlatforms) = postSolution
		{89789F38-ADBD-488A-825A-7F2A6FB8846E}.Debug|Any CPU.ActiveCfg = Debug|Any CPU
		{89789F38-ADBD-488A-825A-7F2A6FB8846E}.Debug|Any CPU.Build.0 = Debug|Any CPU
		{89789F38-ADBD-488A-825A-7F2A6FB8846E}.Debug|x64.ActiveCfg = Debug|Any CPU
		{89789F38-ADBD-488A-825A-7F2A6FB8846E}.Debug|x64.Build.0 = Debug|Any CPU
		{89789F38-ADBD-488A-825A-7F2A6FB8846E}.Debug|x86.ActiveCfg = Debug|Any CPU
		{89789F38-ADBD-488A-825A-7F2A6FB8846E}.Debug|x86.Build.0 = Debug|Any CPU
		{89789F38-ADBD-488A-825A-7F2A6FB8846E}.Release|Any CPU.ActiveCfg = Release|Any CPU
		{89789F38-ADBD-488A-825A-7F2A6FB8846E}.Release|Any CPU.Build.0 = Release|Any CPU
		{89789F38-ADBD-488A-825A-7F2A6FB8846E}.Release|x64.ActiveCfg = Release|Any CPU
		{89789F38-ADBD-488A-825A-7F2A6FB8846E}.Release|x64.Build.0 = Release|Any CPU
		{89789F38-ADBD-488A-825A-7F2A6FB8846E}.Release|x86.ActiveCfg = Release|Any CPU
		{89789F38-ADBD-488A-825A-7F2A6FB8846E}.Release|x86.Build.0 = Release|Any CPU
		{4CA13B19-61FD-44CF-9673-D4BB520D0DC1}.Debug|Any CPU.ActiveCfg = Debug|Any CPU
		{4CA13B19-61FD-44CF-9673-D4BB520D0DC1}.Debug|Any CPU.Build.0 = Debug|Any CPU
		{4CA13B19-61FD-44CF-9673-D4BB520D0DC1}.Debug|x64.ActiveCfg = Debug|Any CPU
		{4CA13B19-61FD-44CF-9673-D4BB520D0DC1}.Debug|x64.Build.0 = Debug|Any CPU
		{4CA13B19-61FD-44CF-9673-D4BB520D0DC1}.Debug|x86.ActiveCfg = Debug|Any CPU
		{4CA13B19-61FD-44CF-9673-D4BB520D0DC1}.Debug|x86.Build.0 = Debug|Any CPU
		{4CA13B19-61FD-44CF-9673-D4BB520D0DC1}.Release|Any CPU.ActiveCfg = Release|Any CPU
		{4CA13B19-61FD-44CF-9673-D4BB520D0DC1}.Release|Any CPU.Build.0 = Release|Any CPU
		{4CA13B19-61FD-44CF-9673-D4BB520D0DC1}.Release|x64.ActiveCfg = Release|Any CPU
		{4CA13B19-61FD-44CF-9673-D4BB520D0DC1}.Release|x64.Build.0 = Release|Any CPU
		{4CA13B19-61FD-44CF-9673-D4BB520D0DC1}.Release|x86.ActiveCfg = Release|Any CPU
		{4CA13B19-61FD-44CF-9673-D4BB520D0DC1}.Release|x86.Build.0 = Release|Any CPU
		{1E8D3BE5-35AA-4966-B0EB-D58256DF33BE}.Debug|Any CPU.ActiveCfg = Debug|Any CPU
		{1E8D3BE5-35AA-4966-B0EB-D58256DF33BE}.Debug|Any CPU.Build.0 = Debug|Any CPU
		{1E8D3BE5-35AA-4966-B0EB-D58256DF33BE}.Debug|x64.ActiveCfg = Debug|Any CPU
		{1E8D3BE5-35AA-4966-B0EB-D58256DF33BE}.Debug|x64.Build.0 = Debug|Any CPU
		{1E8D3BE5-35AA-4966-B0EB-D58256DF33BE}.Debug|x86.ActiveCfg = Debug|Any CPU
		{1E8D3BE5-35AA-4966-B0EB-D58256DF33BE}.Debug|x86.Build.0 = Debug|Any CPU
		{1E8D3BE5-35AA-4966-B0EB-D58256DF33BE}.Release|Any CPU.ActiveCfg = Release|Any CPU
		{1E8D3BE5-35AA-4966-B0EB-D58256DF33BE}.Release|Any CPU.Build.0 = Release|Any CPU
		{1E8D3BE5-35AA-4966-B0EB-D58256DF33BE}.Release|x64.ActiveCfg = Release|Any CPU
		{1E8D3BE5-35AA-4966-B0EB-D58256DF33BE}.Release|x64.Build.0 = Release|Any CPU
		{1E8D3BE5-35AA-4966-B0EB-D58256DF33BE}.Release|x86.ActiveCfg = Release|Any CPU
		{1E8D3BE5-35AA-4966-B0EB-D58256DF33BE}.Release|x86.Build.0 = Release|Any CPU
		{AAA57F3A-13E8-439F-B79C-8B6074C16FB0}.Debug|Any CPU.ActiveCfg = Debug|Any CPU
		{AAA57F3A-13E8-439F-B79C-8B6074C16FB0}.Debug|Any CPU.Build.0 = Debug|Any CPU
		{AAA57F3A-13E8-439F-B79C-8B6074C16FB0}.Debug|x64.ActiveCfg = Debug|Any CPU
		{AAA57F3A-13E8-439F-B79C-8B6074C16FB0}.Debug|x64.Build.0 = Debug|Any CPU
		{AAA57F3A-13E8-439F-B79C-8B6074C16FB0}.Debug|x86.ActiveCfg = Debug|Any CPU
		{AAA57F3A-13E8-439F-B79C-8B6074C16FB0}.Debug|x86.Build.0 = Debug|Any CPU
		{AAA57F3A-13E8-439F-B79C-8B6074C16FB0}.Release|Any CPU.ActiveCfg = Debug|Any CPU
		{AAA57F3A-13E8-439F-B79C-8B6074C16FB0}.Release|Any CPU.Build.0 = Debug|Any CPU
		{AAA57F3A-13E8-439F-B79C-8B6074C16FB0}.Release|x64.ActiveCfg = Debug|Any CPU
		{AAA57F3A-13E8-439F-B79C-8B6074C16FB0}.Release|x64.Build.0 = Debug|Any CPU
		{AAA57F3A-13E8-439F-B79C-8B6074C16FB0}.Release|x86.ActiveCfg = Debug|Any CPU
		{AAA57F3A-13E8-439F-B79C-8B6074C16FB0}.Release|x86.Build.0 = Debug|Any CPU
	EndGlobalSection
	GlobalSection(SolutionProperties) = preSolution
		HideSolutionNode = FALSE
	EndGlobalSection
	GlobalSection(NestedProjects) = preSolution
		{89789F38-ADBD-488A-825A-7F2A6FB8846E} = {827E0CD3-B72D-47B6-A68D-7590B98EB39B}
		{4CA13B19-61FD-44CF-9673-D4BB520D0DC1} = {827E0CD3-B72D-47B6-A68D-7590B98EB39B}
		{1E8D3BE5-35AA-4966-B0EB-D58256DF33BE} = {827E0CD3-B72D-47B6-A68D-7590B98EB39B}
		{AAA57F3A-13E8-439F-B79C-8B6074C16FB0} = {827E0CD3-B72D-47B6-A68D-7590B98EB39B}
	EndGlobalSection
EndGlobal
